// !$*UTF8*$!
{
	archiveVersion = 1;
	classes = {
	};
	objectVersion = 48;
	objects = {

/* Begin PBXBuildFile section */
		EF79892F8BBE688C11F754A3 /* Pods_Uberr.framework in Frameworks */ = {isa = PBXBuildFile; fileRef = 4E61092392EBB1A85B6F29DD /* Pods_Uberr.framework */; };
		F26C49121F7CF6F50016FD6F /* AppDelegate.swift in Sources */ = {isa = PBXBuildFile; fileRef = F26C49111F7CF6F50016FD6F /* AppDelegate.swift */; };
		F26C49141F7CF6F50016FD6F /* ViewController.swift in Sources */ = {isa = PBXBuildFile; fileRef = F26C49131F7CF6F50016FD6F /* ViewController.swift */; };
		F26C49171F7CF6F50016FD6F /* Main.storyboard in Resources */ = {isa = PBXBuildFile; fileRef = F26C49151F7CF6F50016FD6F /* Main.storyboard */; };
		F26C49191F7CF6F50016FD6F /* Assets.xcassets in Resources */ = {isa = PBXBuildFile; fileRef = F26C49181F7CF6F50016FD6F /* Assets.xcassets */; };
		F26C491C1F7CF6F50016FD6F /* LaunchScreen.storyboard in Resources */ = {isa = PBXBuildFile; fileRef = F26C491A1F7CF6F50016FD6F /* LaunchScreen.storyboard */; };
		F26C49241F7CF95F0016FD6F /* GoogleService-Info.plist in Resources */ = {isa = PBXBuildFile; fileRef = F26C49231F7CF7C30016FD6F /* GoogleService-Info.plist */; };
		F2860DA91FCEE83200205DF0 /* SingUpViewController.swift in Sources */ = {isa = PBXBuildFile; fileRef = F2860DA81FCEE83200205DF0 /* SingUpViewController.swift */; };
		F2860DAB1FCEF39A00205DF0 /* CallUberViewController.swift in Sources */ = {isa = PBXBuildFile; fileRef = F2860DAA1FCEF39A00205DF0 /* CallUberViewController.swift */; };
/* End PBXBuildFile section */

/* Begin PBXFileReference section */
		2A43796DD6FB90CD152484B5 /* Pods-Uberr.release.xcconfig */ = {isa = PBXFileReference; includeInIndex = 1; lastKnownFileType = text.xcconfig; name = "Pods-Uberr.release.xcconfig"; path = "Pods/Target Support Files/Pods-Uberr/Pods-Uberr.release.xcconfig"; sourceTree = "<group>"; };
		4E61092392EBB1A85B6F29DD /* Pods_Uberr.framework */ = {isa = PBXFileReference; explicitFileType = wrapper.framework; includeInIndex = 0; path = Pods_Uberr.framework; sourceTree = BUILT_PRODUCTS_DIR; };
		E0FA1E936F5F8739682C5FF2 /* Pods-Uberr.debug.xcconfig */ = {isa = PBXFileReference; includeInIndex = 1; lastKnownFileType = text.xcconfig; name = "Pods-Uberr.debug.xcconfig"; path = "Pods/Target Support Files/Pods-Uberr/Pods-Uberr.debug.xcconfig"; sourceTree = "<group>"; };
		F26C490E1F7CF6F50016FD6F /* Uberr.app */ = {isa = PBXFileReference; explicitFileType = wrapper.application; includeInIndex = 0; path = Uberr.app; sourceTree = BUILT_PRODUCTS_DIR; };
		F26C49111F7CF6F50016FD6F /* AppDelegate.swift */ = {isa = PBXFileReference; lastKnownFileType = sourcecode.swift; path = AppDelegate.swift; sourceTree = "<group>"; };
		F26C49131F7CF6F50016FD6F /* ViewController.swift */ = {isa = PBXFileReference; lastKnownFileType = sourcecode.swift; path = ViewController.swift; sourceTree = "<group>"; };
		F26C49161F7CF6F50016FD6F /* Base */ = {isa = PBXFileReference; lastKnownFileType = file.storyboard; name = Base; path = Base.lproj/Main.storyboard; sourceTree = "<group>"; };
		F26C49181F7CF6F50016FD6F /* Assets.xcassets */ = {isa = PBXFileReference; lastKnownFileType = folder.assetcatalog; path = Assets.xcassets; sourceTree = "<group>"; };
		F26C491B1F7CF6F50016FD6F /* Base */ = {isa = PBXFileReference; lastKnownFileType = file.storyboard; name = Base; path = Base.lproj/LaunchScreen.storyboard; sourceTree = "<group>"; };
		F26C491D1F7CF6F50016FD6F /* Info.plist */ = {isa = PBXFileReference; lastKnownFileType = text.plist.xml; path = Info.plist; sourceTree = "<group>"; };
		F26C49231F7CF7C30016FD6F /* GoogleService-Info.plist */ = {isa = PBXFileReference; lastKnownFileType = text.plist.xml; path = "GoogleService-Info.plist"; sourceTree = "<group>"; };
		F2860DA81FCEE83200205DF0 /* SingUpViewController.swift */ = {isa = PBXFileReference; lastKnownFileType = sourcecode.swift; path = SingUpViewController.swift; sourceTree = "<group>"; };
		F2860DAA1FCEF39A00205DF0 /* CallUberViewController.swift */ = {isa = PBXFileReference; lastKnownFileType = sourcecode.swift; path = CallUberViewController.swift; sourceTree = "<group>"; };
/* End PBXFileReference section */

/* Begin PBXFrameworksBuildPhase section */
		F26C490B1F7CF6F50016FD6F /* Frameworks */ = {
			isa = PBXFrameworksBuildPhase;
			buildActionMask = 2147483647;
			files = (
				EF79892F8BBE688C11F754A3 /* Pods_Uberr.framework in Frameworks */,
			);
			runOnlyForDeploymentPostprocessing = 0;
		};
/* End PBXFrameworksBuildPhase section */

/* Begin PBXGroup section */
		D49ADF41B61E43A424C64A08 /* Frameworks */ = {
			isa = PBXGroup;
			children = (
				4E61092392EBB1A85B6F29DD /* Pods_Uberr.framework */,
			);
			name = Frameworks;
			sourceTree = "<group>";
		};
		E6C27A606F70241D70E4610D /* Pods */ = {
			isa = PBXGroup;
			children = (
				E0FA1E936F5F8739682C5FF2 /* Pods-Uberr.debug.xcconfig */,
				2A43796DD6FB90CD152484B5 /* Pods-Uberr.release.xcconfig */,
			);
			name = Pods;
			sourceTree = "<group>";
		};
		F26C49051F7CF6F50016FD6F = {
			isa = PBXGroup;
			children = (
				F26C49101F7CF6F50016FD6F /* Uberr */,
				F26C490F1F7CF6F50016FD6F /* Products */,
				E6C27A606F70241D70E4610D /* Pods */,
				D49ADF41B61E43A424C64A08 /* Frameworks */,
			);
			sourceTree = "<group>";
		};
		F26C490F1F7CF6F50016FD6F /* Products */ = {
			isa = PBXGroup;
			children = (
				F26C490E1F7CF6F50016FD6F /* Uberr.app */,
			);
			name = Products;
			sourceTree = "<group>";
		};
		F26C49101F7CF6F50016FD6F /* Uberr */ = {
			isa = PBXGroup;
			children = (
				F26C49111F7CF6F50016FD6F /* AppDelegate.swift */,
				F26C49131F7CF6F50016FD6F /* ViewController.swift */,
				F2860DA81FCEE83200205DF0 /* SingUpViewController.swift */,
				F2860DAA1FCEF39A00205DF0 /* CallUberViewController.swift */,
				F26C49231F7CF7C30016FD6F /* GoogleService-Info.plist */,
				F26C49151F7CF6F50016FD6F /* Main.storyboard */,
				F26C49181F7CF6F50016FD6F /* Assets.xcassets */,
				F26C491A1F7CF6F50016FD6F /* LaunchScreen.storyboard */,
				F26C491D1F7CF6F50016FD6F /* Info.plist */,
			);
			path = Uberr;
			sourceTree = "<group>";
		};
/* End PBXGroup section */

/* Begin PBXNativeTarget section */
		F26C490D1F7CF6F50016FD6F /* Uberr */ = {
			isa = PBXNativeTarget;
			buildConfigurationList = F26C49201F7CF6F50016FD6F /* Build configuration list for PBXNativeTarget "Uberr" */;
			buildPhases = (
				1CA7F7445B24B014BD267884 /* [CP] Check Pods Manifest.lock */,
				F26C490A1F7CF6F50016FD6F /* Sources */,
				F26C490B1F7CF6F50016FD6F /* Frameworks */,
				F26C490C1F7CF6F50016FD6F /* Resources */,
				05031A301104B28E6236B248 /* [CP] Embed Pods Frameworks */,
				15C2F36C212711ED374E3F91 /* [CP] Copy Pods Resources */,
			);
			buildRules = (
			);
			dependencies = (
			);
			name = Uberr;
			productName = Uberr;
			productReference = F26C490E1F7CF6F50016FD6F /* Uberr.app */;
			productType = "com.apple.product-type.application";
		};
/* End PBXNativeTarget section */

/* Begin PBXProject section */
		F26C49061F7CF6F50016FD6F /* Project object */ = {
			isa = PBXProject;
			attributes = {
				LastSwiftUpdateCheck = 0900;
				LastUpgradeCheck = 0900;
				ORGANIZATIONNAME = "Flyco Developer";
				TargetAttributes = {
					F26C490D1F7CF6F50016FD6F = {
						CreatedOnToolsVersion = 9.0;
						ProvisioningStyle = Automatic;
					};
				};
			};
			buildConfigurationList = F26C49091F7CF6F50016FD6F /* Build configuration list for PBXProject "Uberr" */;
			compatibilityVersion = "Xcode 8.0";
			developmentRegion = en;
			hasScannedForEncodings = 0;
			knownRegions = (
				en,
				Base,
			);
			mainGroup = F26C49051F7CF6F50016FD6F;
			productRefGroup = F26C490F1F7CF6F50016FD6F /* Products */;
			projectDirPath = "";
			projectRoot = "";
			targets = (
				F26C490D1F7CF6F50016FD6F /* Uberr */,
			);
		};
/* End PBXProject section */

/* Begin PBXResourcesBuildPhase section */
		F26C490C1F7CF6F50016FD6F /* Resources */ = {
			isa = PBXResourcesBuildPhase;
			buildActionMask = 2147483647;
			files = (
				F26C491C1F7CF6F50016FD6F /* LaunchScreen.storyboard in Resources */,
				F26C49241F7CF95F0016FD6F /* GoogleService-Info.plist in Resources */,
				F26C49191F7CF6F50016FD6F /* Assets.xcassets in Resources */,
				F26C49171F7CF6F50016FD6F /* Main.storyboard in Resources */,
			);
			runOnlyForDeploymentPostprocessing = 0;
		};
/* End PBXResourcesBuildPhase section */

/* Begin PBXShellScriptBuildPhase section */
		05031A301104B28E6236B248 /* [CP] Embed Pods Frameworks */ = {
			isa = PBXShellScriptBuildPhase;
			buildActionMask = 2147483647;
			files = (
			);
			inputPaths = (
				"${SRCROOT}/Pods/Target Support Files/Pods-Uberr/Pods-Uberr-frameworks.sh",
				"${BUILT_PRODUCTS_DIR}/GTMSessionFetcher/GTMSessionFetcher.framework",
				"${BUILT_PRODUCTS_DIR}/GoogleToolboxForMac/GoogleToolboxForMac.framework",
				"${BUILT_PRODUCTS_DIR}/leveldb-library/leveldb.framework",
				"${BUILT_PRODUCTS_DIR}/nanopb/nanopb.framework",
			);
			name = "[CP] Embed Pods Frameworks";
			outputPaths = (
				"${TARGET_BUILD_DIR}/${FRAMEWORKS_FOLDER_PATH}/GTMSessionFetcher.framework",
				"${TARGET_BUILD_DIR}/${FRAMEWORKS_FOLDER_PATH}/GoogleToolboxForMac.framework",
				"${TARGET_BUILD_DIR}/${FRAMEWORKS_FOLDER_PATH}/leveldb.framework",
				"${TARGET_BUILD_DIR}/${FRAMEWORKS_FOLDER_PATH}/nanopb.framework",
			);
			runOnlyForDeploymentPostprocessing = 0;
			shellPath = /bin/sh;
			shellScript = "\"${SRCROOT}/Pods/Target Support Files/Pods-Uberr/Pods-Uberr-frameworks.sh\"\n";
			showEnvVarsInLog = 0;
		};
		15C2F36C212711ED374E3F91 /* [CP] Copy Pods Resources */ = {
			isa = PBXShellScriptBuildPhase;
			buildActionMask = 2147483647;
			files = (
			);
			inputPaths = (
			);
			name = "[CP] Copy Pods Resources";
			outputPaths = (
			);
			runOnlyForDeploymentPostprocessing = 0;
			shellPath = /bin/sh;
			shellScript = "\"${SRCROOT}/Pods/Target Support Files/Pods-Uberr/Pods-Uberr-resources.sh\"\n";
			showEnvVarsInLog = 0;
		};
		1CA7F7445B24B014BD267884 /* [CP] Check Pods Manifest.lock */ = {
			isa = PBXShellScriptBuildPhase;
			buildActionMask = 2147483647;
			files = (
			);
			inputPaths = (
				"${PODS_PODFILE_DIR_PATH}/Podfile.lock",
				"${PODS_ROOT}/Manifest.lock",
			);
			name = "[CP] Check Pods Manifest.lock";
			outputPaths = (
				"$(DERIVED_FILE_DIR)/Pods-Uberr-checkManifestLockResult.txt",
			);
			runOnlyForDeploymentPostprocessing = 0;
			shellPath = /bin/sh;
			shellScript = "diff \"${PODS_PODFILE_DIR_PATH}/Podfile.lock\" \"${PODS_ROOT}/Manifest.lock\" > /dev/null\nif [ $? != 0 ] ; then\n    # print error to STDERR\n    echo \"error: The sandbox is not in sync with the Podfile.lock. Run 'pod install' or update your CocoaPods installation.\" >&2\n    exit 1\nfi\n# This output is used by Xcode 'outputs' to avoid re-running this script phase.\necho \"SUCCESS\" > \"${SCRIPT_OUTPUT_FILE_0}\"\n";
			showEnvVarsInLog = 0;
		};
/* End PBXShellScriptBuildPhase section */

/* Begin PBXSourcesBuildPhase section */
		F26C490A1F7CF6F50016FD6F /* Sources */ = {
			isa = PBXSourcesBuildPhase;
			buildActionMask = 2147483647;
			files = (
				F2860DAB1FCEF39A00205DF0 /* CallUberViewController.swift in Sources */,
				F26C49141F7CF6F50016FD6F /* ViewController.swift in Sources */,
				F2860DA91FCEE83200205DF0 /* SingUpViewController.swift in Sources */,
				F26C49121F7CF6F50016FD6F /* AppDelegate.swift in Sources */,
			);
			runOnlyForDeploymentPostprocessing = 0;
		};
/* End PBXSourcesBuildPhase section */

/* Begin PBXVariantGroup section */
		F26C49151F7CF6F50016FD6F /* Main.storyboard */ = {
			isa = PBXVariantGroup;
			children = (
				F26C49161F7CF6F50016FD6F /* Base */,
			);
			name = Main.storyboard;
			sourceTree = "<group>";
		};
		F26C491A1F7CF6F50016FD6F /* LaunchScreen.storyboard */ = {
			isa = PBXVariantGroup;
			children = (
				F26C491B1F7CF6F50016FD6F /* Base */,
			);
			name = LaunchScreen.storyboard;
			sourceTree = "<group>";
		};
/* End PBXVariantGroup section */

/* Begin XCBuildConfiguration section */
		F26C491E1F7CF6F50016FD6F /* Debug */ = {
			isa = XCBuildConfiguration;
			buildSettings = {
				ALWAYS_SEARCH_USER_PATHS = NO;
				CLANG_ANALYZER_NONNULL = YES;
				CLANG_ANALYZER_NUMBER_OBJECT_CONVERSION = YES_AGGRESSIVE;
				CLANG_CXX_LANGUAGE_STANDARD = "gnu++14";
				CLANG_CXX_LIBRARY = "libc++";
				CLANG_ENABLE_MODULES = YES;
				CLANG_ENABLE_OBJC_ARC = YES;
				CLANG_WARN_BLOCK_CAPTURE_AUTORELEASING = YES;
				CLANG_WARN_BOOL_CONVERSION = YES;
				CLANG_WARN_COMMA = YES;
				CLANG_WARN_CONSTANT_CONVERSION = YES;
				CLANG_WARN_DIRECT_OBJC_ISA_USAGE = YES_ERROR;
				CLANG_WARN_DOCUMENTATION_COMMENTS = YES;
				CLANG_WARN_EMPTY_BODY = YES;
				CLANG_WARN_ENUM_CONVERSION = YES;
				CLANG_WARN_INFINITE_RECURSION = YES;
				CLANG_WARN_INT_CONVERSION = YES;
				CLANG_WARN_NON_LITERAL_NULL_CONVERSION = YES;
				CLANG_WARN_OBJC_LITERAL_CONVERSION = YES;
				CLANG_WARN_OBJC_ROOT_CLASS = YES_ERROR;
				CLANG_WARN_RANGE_LOOP_ANALYSIS = YES;
				CLANG_WARN_STRICT_PROTOTYPES = YES;
				CLANG_WARN_SUSPICIOUS_MOVE = YES;
				CLANG_WARN_UNGUARDED_AVAILABILITY = YES_AGGRESSIVE;
				CLANG_WARN_UNREACHABLE_CODE = YES;
				CLANG_WARN__DUPLICATE_METHOD_MATCH = YES;
				CODE_SIGN_IDENTITY = "iPhone Developer";
				COPY_PHASE_STRIP = NO;
				DEBUG_INFORMATION_FORMAT = dwarf;
				ENABLE_STRICT_OBJC_MSGSEND = YES;
				ENABLE_TESTABILITY = YES;
				GCC_C_LANGUAGE_STANDARD = gnu11;
				GCC_DYNAMIC_NO_PIC = NO;
				GCC_NO_COMMON_BLOCKS = YES;
				GCC_OPTIMIZATION_LEVEL = 0;
				GCC_PREPROCESSOR_DEFINITIONS = (
					"DEBUG=1",
					"$(inherited)",
				);
				GCC_WARN_64_TO_32_BIT_CONVERSION = YES;
				GCC_WARN_ABOUT_RETURN_TYPE = YES_ERROR;
				GCC_WARN_UNDECLARED_SELECTOR = YES;
				GCC_WARN_UNINITIALIZED_AUTOS = YES_AGGRESSIVE;
				GCC_WARN_UNUSED_FUNCTION = YES;
				GCC_WARN_UNUSED_VARIABLE = YES;
				IPHONEOS_DEPLOYMENT_TARGET = 11.0;
				MTL_ENABLE_DEBUG_INFO = YES;
				ONLY_ACTIVE_ARCH = YES;
				SDKROOT = iphoneos;
				SWIFT_ACTIVE_COMPILATION_CONDITIONS = DEBUG;
				SWIFT_OPTIMIZATION_LEVEL = "-Onone";
			};
			name = Debug;
		};
		F26C491F1F7CF6F50016FD6F /* Release */ = {
			isa = XCBuildConfiguration;
			buildSettings = {
				ALWAYS_SEARCH_USER_PATHS = NO;
				CLANG_ANALYZER_NONNULL = YES;
				CLANG_ANALYZER_NUMBER_OBJECT_CONVERSION = YES_AGGRESSIVE;
				CLANG_CXX_LANGUAGE_STANDARD = "gnu++14";
				CLANG_CXX_LIBRARY = "libc++";
				CLANG_ENABLE_MODULES = YES;
				CLANG_ENABLE_OBJC_ARC = YES;
				CLANG_WARN_BLOCK_CAPTURE_AUTORELEASING = YES;
				CLANG_WARN_BOOL_CONVERSION = YES;
				CLANG_WARN_COMMA = YES;
				CLANG_WARN_CONSTANT_CONVERSION = YES;
				CLANG_WARN_DIRECT_OBJC_ISA_USAGE = YES_ERROR;
				CLANG_WARN_DOCUMENTATION_COMMENTS = YES;
				CLANG_WARN_EMPTY_BODY = YES;
				CLANG_WARN_ENUM_CONVERSION = YES;
				CLANG_WARN_INFINITE_RECURSION = YES;
				CLANG_WARN_INT_CONVERSION = YES;
				CLANG_WARN_NON_LITERAL_NULL_CONVERSION = YES;
				CLANG_WARN_OBJC_LITERAL_CONVERSION = YES;
				CLANG_WARN_OBJC_ROOT_CLASS = YES_ERROR;
				CLANG_WARN_RANGE_LOOP_ANALYSIS = YES;
				CLANG_WARN_STRICT_PROTOTYPES = YES;
				CLANG_WARN_SUSPICIOUS_MOVE = YES;
				CLANG_WARN_UNGUARDED_AVAILABILITY = YES_AGGRESSIVE;
				CLANG_WARN_UNREACHABLE_CODE = YES;
				CLANG_WARN__DUPLICATE_METHOD_MATCH = YES;
				CODE_SIGN_IDENTITY = "iPhone Developer";
				COPY_PHASE_STRIP = NO;
				DEBUG_INFORMATION_FORMAT = "dwarf-with-dsym";
				ENABLE_NS_ASSERTIONS = NO;
				ENABLE_STRICT_OBJC_MSGSEND = YES;
				GCC_C_LANGUAGE_STANDARD = gnu11;
				GCC_NO_COMMON_BLOCKS = YES;
				GCC_WARN_64_TO_32_BIT_CONVERSION = YES;
				GCC_WARN_ABOUT_RETURN_TYPE = YES_ERROR;
				GCC_WARN_UNDECLARED_SELECTOR = YES;
				GCC_WARN_UNINITIALIZED_AUTOS = YES_AGGRESSIVE;
				GCC_WARN_UNUSED_FUNCTION = YES;
				GCC_WARN_UNUSED_VARIABLE = YES;
				IPHONEOS_DEPLOYMENT_TARGET = 11.0;
				MTL_ENABLE_DEBUG_INFO = NO;
				SDKROOT = iphoneos;
				SWIFT_OPTIMIZATION_LEVEL = "-Owholemodule";
				VALIDATE_PRODUCT = YES;
			};
			name = Release;
		};
		F26C49211F7CF6F50016FD6F /* Debug */ = {
			isa = XCBuildConfiguration;
			baseConfigurationReference = E0FA1E936F5F8739682C5FF2 /* Pods-Uberr.debug.xcconfig */;
			buildSettings = {
				ASSETCATALOG_COMPILER_APPICON_NAME = AppIcon;
				CODE_SIGN_STYLE = Automatic;
				DEVELOPMENT_TEAM = KB6P65M38G;
				INFOPLIST_FILE = Uberr/Info.plist;
				LD_RUNPATH_SEARCH_PATHS = "$(inherited) @executable_path/Frameworks";
				PRODUCT_BUNDLE_IDENTIFIER = com.flycoDeveloper.Uberr;
				PRODUCT_NAME = "$(TARGET_NAME)";
				SWIFT_VERSION = 4.0;
				TARGETED_DEVICE_FAMILY = "1,2";
			};
			name = Debug;
		};
		F26C49221F7CF6F50016FD6F /* Release */ = {
			isa = XCBuildConfiguration;
			baseConfigurationReference = 2A43796DD6FB90CD152484B5 /* Pods-Uberr.release.xcconfig */;
			buildSettings = {
				ASSETCATALOG_COMPILER_APPICON_NAME = AppIcon;
				CODE_SIGN_STYLE = Automatic;
				DEVELOPMENT_TEAM = KB6P65M38G;
				INFOPLIST_FILE = Uberr/Info.plist;
				LD_RUNPATH_SEARCH_PATHS = "$(inherited) @executable_path/Frameworks";
				PRODUCT_BUNDLE_IDENTIFIER = com.flycoDeveloper.Uberr;
				PRODUCT_NAME = "$(TARGET_NAME)";
				SWIFT_VERSION = 4.0;
				TARGETED_DEVICE_FAMILY = "1,2";
			};
			name = Release;
		};
/* End XCBuildConfiguration section */

/* Begin XCConfigurationList section */
		F26C49091F7CF6F50016FD6F /* Build configuration list for PBXProject "Uberr" */ = {
			isa = XCConfigurationList;
			buildConfigurations = (
				F26C491E1F7CF6F50016FD6F /* Debug */,
				F26C491F1F7CF6F50016FD6F /* Release */,
			);
			defaultConfigurationIsVisible = 0;
			defaultConfigurationName = Release;
		};
		F26C49201F7CF6F50016FD6F /* Build configuration list for PBXNativeTarget "Uberr" */ = {
			isa = XCConfigurationList;
			buildConfigurations = (
				F26C49211F7CF6F50016FD6F /* Debug */,
				F26C49221F7CF6F50016FD6F /* Release */,
			);
			defaultConfigurationIsVisible = 0;
			defaultConfigurationName = Release;
		};
/* End XCConfigurationList section */
	};
	rootObject = F26C49061F7CF6F50016FD6F /* Project object */;
}
